
Microsoft Visual Studio Solution File, Format Version 12.00
# Visual Studio Version 17
VisualStudioVersion = 17.0.31423.177
MinimumVisualStudioVersion = 10.0.40219.1
Project("{FAE04EC0-301F-11D3-BF4B-00C04F79EFBC}") = "MyProject1.UWP", "MyProject1\MyProject1.UWP\MyProject1.UWP.csproj", "{E5F66AC8-BBE8-410E-9254-2A439A885311}"
EndProject
Project("{FAE04EC0-301F-11D3-BF4B-00C04F79EFBC}") = "MyProject1.Android", "MyProject1\MyProject1.Android\MyProject1.Android.csproj", "{EB4D2D49-E24A-484B-955C-730A1A5F3942}"
EndProject
Project("{FAE04EC0-301F-11D3-BF4B-00C04F79EFBC}") = "MyProject1.iOS", "MyProject1\MyProject1.iOS\MyProject1.iOS.csproj", "{6FFB04F3-5A02-4487-B7B2-2FFD1350415D}"
EndProject
Project("{FAE04EC0-301F-11D3-BF4B-00C04F79EFBC}") = "MyProject1", "MyProject1\MyProject1\MyProject1.csproj", "{9EC2144C-3398-4590-89F8-B466412B22BB}"
EndProject
Global
	GlobalSection(SolutionConfigurationPlatforms) = preSolution
		Debug|Any CPU = Debug|Any CPU
		Debug|ARM = Debug|ARM
		Debug|iPhone = Debug|iPhone
		Debug|iPhoneSimulator = Debug|iPhoneSimulator
		Debug|x64 = Debug|x64
		Debug|x86 = Debug|x86
		Release|Any CPU = Release|Any CPU
		Release|ARM = Release|ARM
		Release|iPhone = Release|iPhone
		Release|iPhoneSimulator = Release|iPhoneSimulator
		Release|x64 = Release|x64
		Release|x86 = Release|x86
	EndGlobalSection
	GlobalSection(ProjectConfigurationPlatforms) = postSolution
		{E5F66AC8-BBE8-410E-9254-2A439A885311}.Debug|Any CPU.ActiveCfg = Debug|x86
		{E5F66AC8-BBE8-410E-9254-2A439A885311}.Debug|Any CPU.Build.0 = Debug|x86
		{E5F66AC8-BBE8-410E-9254-2A439A885311}.Debug|Any CPU.Deploy.0 = Debug|x86
		{E5F66AC8-BBE8-410E-9254-2A439A885311}.Debug|ARM.ActiveCfg = Debug|ARM
		{E5F66AC8-BBE8-410E-9254-2A439A885311}.Debug|ARM.Build.0 = Debug|ARM
		{E5F66AC8-BBE8-410E-9254-2A439A885311}.Debug|ARM.Deploy.0 = Debug|ARM
		{E5F66AC8-BBE8-410E-9254-2A439A885311}.Debug|iPhone.ActiveCfg = Debug|x86
		{E5F66AC8-BBE8-410E-9254-2A439A885311}.Debug|iPhone.Build.0 = Debug|x86
		{E5F66AC8-BBE8-410E-9254-2A439A885311}.Debug|iPhone.Deploy.0 = Debug|x86
		{E5F66AC8-BBE8-410E-9254-2A439A885311}.Debug|iPhoneSimulator.ActiveCfg = Debug|x86
		{E5F66AC8-BBE8-410E-9254-2A439A885311}.Debug|iPhoneSimulator.Build.0 = Debug|x86
		{E5F66AC8-BBE8-410E-9254-2A439A885311}.Debug|iPhoneSimulator.Deploy.0 = Debug|x86
		{E5F66AC8-BBE8-410E-9254-2A439A885311}.Debug|x64.ActiveCfg = Debug|x64
		{E5F66AC8-BBE8-410E-9254-2A439A885311}.Debug|x64.Build.0 = Debug|x64
		{E5F66AC8-BBE8-410E-9254-2A439A885311}.Debug|x64.Deploy.0 = Debug|x64
		{E5F66AC8-BBE8-410E-9254-2A439A885311}.Debug|x86.ActiveCfg = Debug|x86
		{E5F66AC8-BBE8-410E-9254-2A439A885311}.Debug|x86.Build.0 = Debug|x86
		{E5F66AC8-BBE8-410E-9254-2A439A885311}.Debug|x86.Deploy.0 = Debug|x86
		{E5F66AC8-BBE8-410E-9254-2A439A885311}.Release|Any CPU.ActiveCfg = Release|x86
		{E5F66AC8-BBE8-410E-9254-2A439A885311}.Release|Any CPU.Build.0 = Release|x86
		{E5F66AC8-BBE8-410E-9254-2A439A885311}.Release|Any CPU.Deploy.0 = Release|x86
		{E5F66AC8-BBE8-410E-9254-2A439A885311}.Release|ARM.ActiveCfg = Release|ARM
		{E5F66AC8-BBE8-410E-9254-2A439A885311}.Release|ARM.Build.0 = Release|ARM
		{E5F66AC8-BBE8-410E-9254-2A439A885311}.Release|ARM.Deploy.0 = Release|ARM
		{E5F66AC8-BBE8-410E-9254-2A439A885311}.Release|iPhone.ActiveCfg = Release|x86
		{E5F66AC8-BBE8-410E-9254-2A439A885311}.Release|iPhone.Build.0 = Release|x86
		{E5F66AC8-BBE8-410E-9254-2A439A885311}.Release|iPhone.Deploy.0 = Release|x86
		{E5F66AC8-BBE8-410E-9254-2A439A885311}.Release|iPhoneSimulator.ActiveCfg = Release|x86
		{E5F66AC8-BBE8-410E-9254-2A439A885311}.Release|iPhoneSimulator.Build.0 = Release|x86
		{E5F66AC8-BBE8-410E-9254-2A439A885311}.Release|iPhoneSimulator.Deploy.0 = Release|x86
		{E5F66AC8-BBE8-410E-9254-2A439A885311}.Release|x64.ActiveCfg = Release|x64
		{E5F66AC8-BBE8-410E-9254-2A439A885311}.Release|x64.Build.0 = Release|x64
		{E5F66AC8-BBE8-410E-9254-2A439A885311}.Release|x64.Deploy.0 = Release|x64
		{E5F66AC8-BBE8-410E-9254-2A439A885311}.Release|x86.ActiveCfg = Release|x86
		{E5F66AC8-BBE8-410E-9254-2A439A885311}.Release|x86.Build.0 = Release|x86
		{E5F66AC8-BBE8-410E-9254-2A439A885311}.Release|x86.Deploy.0 = Release|x86
		{EB4D2D49-E24A-484B-955C-730A1A5F3942}.Debug|Any CPU.ActiveCfg = Debug|Any CPU
		{EB4D2D49-E24A-484B-955C-730A1A5F3942}.Debug|Any CPU.Build.0 = Debug|Any CPU
		{EB4D2D49-E24A-484B-955C-730A1A5F3942}.Debug|Any CPU.Deploy.0 = Debug|Any CPU
		{EB4D2D49-E24A-484B-955C-730A1A5F3942}.Debug|ARM.ActiveCfg = Debug|Any CPU
		{EB4D2D49-E24A-484B-955C-730A1A5F3942}.Debug|ARM.Build.0 = Debug|Any CPU
		{EB4D2D49-E24A-484B-955C-730A1A5F3942}.Debug|ARM.Deploy.0 = Debug|Any CPU
		{EB4D2D49-E24A-484B-955C-730A1A5F3942}.Debug|iPhone.ActiveCfg = Debug|Any CPU
		{EB4D2D49-E24A-484B-955C-730A1A5F3942}.Debug|iPhone.Build.0 = Debug|Any CPU
		{EB4D2D49-E24A-484B-955C-730A1A5F3942}.Debug|iPhone.Deploy.0 = Debug|Any CPU
		{EB4D2D49-E24A-484B-955C-730A1A5F3942}.Debug|iPhoneSimulator.ActiveCfg = Debug|Any CPU
		{EB4D2D49-E24A-484B-955C-730A1A5F3942}.Debug|iPhoneSimulator.Build.0 = Debug|Any CPU
		{EB4D2D49-E24A-484B-955C-730A1A5F3942}.Debug|iPhoneSimulator.Deploy.0 = Debug|Any CPU
		{EB4D2D49-E24A-484B-955C-730A1A5F3942}.Debug|x64.ActiveCfg = Debug|Any CPU
		{EB4D2D49-E24A-484B-955C-730A1A5F3942}.Debug|x64.Build.0 = Debug|Any CPU
		{EB4D2D49-E24A-484B-955C-730A1A5F3942}.Debug|x64.Deploy.0 = Debug|Any CPU
		{EB4D2D49-E24A-484B-955C-730A1A5F3942}.Debug|x86.ActiveCfg = Debug|Any CPU
		{EB4D2D49-E24A-484B-955C-730A1A5F3942}.Debug|x86.Build.0 = Debug|Any CPU
		{EB4D2D49-E24A-484B-955C-730A1A5F3942}.Debug|x86.Deploy.0 = Debug|Any CPU
		{EB4D2D49-E24A-484B-955C-730A1A5F3942}.Release|Any CPU.ActiveCfg = Release|Any CPU
		{EB4D2D49-E24A-484B-955C-730A1A5F3942}.Release|Any CPU.Build.0 = Release|Any CPU
		{EB4D2D49-E24A-484B-955C-730A1A5F3942}.Release|Any CPU.Deploy.0 = Release|Any CPU
		{EB4D2D49-E24A-484B-955C-730A1A5F3942}.Release|ARM.ActiveCfg = Release|Any CPU
		{EB4D2D49-E24A-484B-955C-730A1A5F3942}.Release|ARM.Build.0 = Release|Any CPU
		{EB4D2D49-E24A-484B-955C-730A1A5F3942}.Release|ARM.Deploy.0 = Release|Any CPU
		{EB4D2D49-E24A-484B-955C-730A1A5F3942}.Release|iPhone.ActiveCfg = Release|Any CPU
		{EB4D2D49-E24A-484B-955C-730A1A5F3942}.Release|iPhone.Build.0 = Release|Any CPU
		{EB4D2D49-E24A-484B-955C-730A1A5F3942}.Release|iPhone.Deploy.0 = Release|Any CPU
		{EB4D2D49-E24A-484B-955C-730A1A5F3942}.Release|iPhoneSimulator.ActiveCfg = Release|Any CPU
		{EB4D2D49-E24A-484B-955C-730A1A5F3942}.Release|iPhoneSimulator.Build.0 = Release|Any CPU
		{EB4D2D49-E24A-484B-955C-730A1A5F3942}.Release|iPhoneSimulator.Deploy.0 = Release|Any CPU
		{EB4D2D49-E24A-484B-955C-730A1A5F3942}.Release|x64.ActiveCfg = Release|Any CPU
		{EB4D2D49-E24A-484B-955C-730A1A5F3942}.Release|x64.Build.0 = Release|Any CPU
		{EB4D2D49-E24A-484B-955C-730A1A5F3942}.Release|x64.Deploy.0 = Release|Any CPU
		{EB4D2D49-E24A-484B-955C-730A1A5F3942}.Release|x86.ActiveCfg = Release|Any CPU
		{EB4D2D49-E24A-484B-955C-730A1A5F3942}.Release|x86.Build.0 = Release|Any CPU
		{EB4D2D49-E24A-484B-955C-730A1A5F3942}.Release|x86.Deploy.0 = Release|Any CPU
		{6FFB04F3-5A02-4487-B7B2-2FFD1350415D}.Debug|Any CPU.ActiveCfg = Debug|iPhoneSimulator
		{6FFB04F3-5A02-4487-B7B2-2FFD1350415D}.Debug|Any CPU.Build.0 = Debug|iPhoneSimulator
		{6FFB04F3-5A02-4487-B7B2-2FFD1350415D}.Debug|Any CPU.Deploy.0 = Debug|iPhoneSimulator
		{6FFB04F3-5A02-4487-B7B2-2FFD1350415D}.Debug|ARM.ActiveCfg = Debug|iPhone
		{6FFB04F3-5A02-4487-B7B2-2FFD1350415D}.Debug|ARM.Build.0 = Debug|iPhone
		{6FFB04F3-5A02-4487-B7B2-2FFD1350415D}.Debug|ARM.Deploy.0 = Debug|iPhone
		{6FFB04F3-5A02-4487-B7B2-2FFD1350415D}.Debug|iPhone.ActiveCfg = Debug|iPhone
		{6FFB04F3-5A02-4487-B7B2-2FFD1350415D}.Debug|iPhone.Build.0 = Debug|iPhone
		{6FFB04F3-5A02-4487-B7B2-2FFD1350415D}.Debug|iPhone.Deploy.0 = Debug|iPhone
		{6FFB04F3-5A02-4487-B7B2-2FFD1350415D}.Debug|iPhoneSimulator.ActiveCfg = Debug|iPhoneSimulator
		{6FFB04F3-5A02-4487-B7B2-2FFD1350415D}.Debug|iPhoneSimulator.Build.0 = Debug|iPhoneSimulator
		{6FFB04F3-5A02-4487-B7B2-2FFD1350415D}.Debug|iPhoneSimulator.Deploy.0 = Debug|iPhoneSimulator
		{6FFB04F3-5A02-4487-B7B2-2FFD1350415D}.Debug|x64.ActiveCfg = Debug|iPhoneSimulator
		{6FFB04F3-5A02-4487-B7B2-2FFD1350415D}.Debug|x64.Build.0 = Debug|iPhoneSimulator
		{6FFB04F3-5A02-4487-B7B2-2FFD1350415D}.Debug|x64.Deploy.0 = Debug|iPhoneSimulator
		{6FFB04F3-5A02-4487-B7B2-2FFD1350415D}.Debug|x86.ActiveCfg = Debug|iPhoneSimulator
		{6FFB04F3-5A02-4487-B7B2-2FFD1350415D}.Debug|x86.Build.0 = Debug|iPhoneSimulator
		{6FFB04F3-5A02-4487-B7B2-2FFD1350415D}.Debug|x86.Deploy.0 = Debug|iPhoneSimulator
		{6FFB04F3-5A02-4487-B7B2-2FFD1350415D}.Release|Any CPU.ActiveCfg = Release|iPhoneSimulator
		{6FFB04F3-5A02-4487-B7B2-2FFD1350415D}.Release|Any CPU.Build.0 = Release|iPhoneSimulator
		{6FFB04F3-5A02-4487-B7B2-2FFD1350415D}.Release|Any CPU.Deploy.0 = Release|iPhoneSimulator
		{6FFB04F3-5A02-4487-B7B2-2FFD1350415D}.Release|ARM.ActiveCfg = Release|iPhoneSimulator
		{6FFB04F3-5A02-4487-B7B2-2FFD1350415D}.Release|ARM.Build.0 = Release|iPhoneSimulator
		{6FFB04F3-5A02-4487-B7B2-2FFD1350415D}.Release|ARM.Deploy.0 = Release|iPhoneSimulator
		{6FFB04F3-5A02-4487-B7B2-2FFD1350415D}.Release|iPhone.ActiveCfg = Release|iPhone
		{6FFB04F3-5A02-4487-B7B2-2FFD1350415D}.Release|iPhone.Build.0 = Release|iPhone
		{6FFB04F3-5A02-4487-B7B2-2FFD1350415D}.Release|iPhone.Deploy.0 = Release|iPhone
		{6FFB04F3-5A02-4487-B7B2-2FFD1350415D}.Release|iPhoneSimulator.ActiveCfg = Release|iPhoneSimulator
		{6FFB04F3-5A02-4487-B7B2-2FFD1350415D}.Release|iPhoneSimulator.Build.0 = Release|iPhoneSimulator
		{6FFB04F3-5A02-4487-B7B2-2FFD1350415D}.Release|iPhoneSimulator.Deploy.0 = Release|iPhoneSimulator
		{6FFB04F3-5A02-4487-B7B2-2FFD1350415D}.Release|x64.ActiveCfg = Release|iPhoneSimulator
		{6FFB04F3-5A02-4487-B7B2-2FFD1350415D}.Release|x64.Build.0 = Release|iPhoneSimulator
		{6FFB04F3-5A02-4487-B7B2-2FFD1350415D}.Release|x64.Deploy.0 = Release|iPhoneSimulator
		{6FFB04F3-5A02-4487-B7B2-2FFD1350415D}.Release|x86.ActiveCfg = Release|iPhoneSimulator
		{6FFB04F3-5A02-4487-B7B2-2FFD1350415D}.Release|x86.Build.0 = Release|iPhoneSimulator
		{6FFB04F3-5A02-4487-B7B2-2FFD1350415D}.Release|x86.Deploy.0 = Release|iPhoneSimulator
		{9EC2144C-3398-4590-89F8-B466412B22BB}.Debug|Any CPU.ActiveCfg = Debug|Any CPU
		{9EC2144C-3398-4590-89F8-B466412B22BB}.Debug|Any CPU.Build.0 = Debug|Any CPU
		{9EC2144C-3398-4590-89F8-B466412B22BB}.Debug|Any CPU.Deploy.0 = Debug|Any CPU
		{9EC2144C-3398-4590-89F8-B466412B22BB}.Debug|ARM.ActiveCfg = Debug|Any CPU
		{9EC2144C-3398-4590-89F8-B466412B22BB}.Debug|ARM.Build.0 = Debug|Any CPU
		{9EC2144C-3398-4590-89F8-B466412B22BB}.Debug|ARM.Deploy.0 = Debug|Any CPU
		{9EC2144C-3398-4590-89F8-B466412B22BB}.Debug|iPhone.ActiveCfg = Debug|Any CPU
		{9EC2144C-3398-4590-89F8-B466412B22BB}.Debug|iPhone.Build.0 = Debug|Any CPU
		{9EC2144C-3398-4590-89F8-B466412B22BB}.Debug|iPhone.Deploy.0 = Debug|Any CPU
		{9EC2144C-3398-4590-89F8-B466412B22BB}.Debug|iPhoneSimulator.ActiveCfg = Debug|Any CPU
		{9EC2144C-3398-4590-89F8-B466412B22BB}.Debug|iPhoneSimulator.Build.0 = Debug|Any CPU
		{9EC2144C-3398-4590-89F8-B466412B22BB}.Debug|iPhoneSimulator.Deploy.0 = Debug|Any CPU
		{9EC2144C-3398-4590-89F8-B466412B22BB}.Debug|x64.ActiveCfg = Debug|Any CPU
		{9EC2144C-3398-4590-89F8-B466412B22BB}.Debug|x64.Build.0 = Debug|Any CPU
		{9EC2144C-3398-4590-89F8-B466412B22BB}.Debug|x64.Deploy.0 = Debug|Any CPU
		{9EC2144C-3398-4590-89F8-B466412B22BB}.Debug|x86.ActiveCfg = Debug|Any CPU
		{9EC2144C-3398-4590-89F8-B466412B22BB}.Debug|x86.Build.0 = Debug|Any CPU
		{9EC2144C-3398-4590-89F8-B466412B22BB}.Debug|x86.Deploy.0 = Debug|Any CPU
		{9EC2144C-3398-4590-89F8-B466412B22BB}.Release|Any CPU.ActiveCfg = Release|Any CPU
		{9EC2144C-3398-4590-89F8-B466412B22BB}.Release|Any CPU.Build.0 = Release|Any CPU
		{9EC2144C-3398-4590-89F8-B466412B22BB}.Release|Any CPU.Deploy.0 = Release|Any CPU
		{9EC2144C-3398-4590-89F8-B466412B22BB}.Release|ARM.ActiveCfg = Release|Any CPU
		{9EC2144C-3398-4590-89F8-B466412B22BB}.Release|ARM.Build.0 = Release|Any CPU
		{9EC2144C-3398-4590-89F8-B466412B22BB}.Release|ARM.Deploy.0 = Release|Any CPU
		{9EC2144C-3398-4590-89F8-B466412B22BB}.Release|iPhone.ActiveCfg = Release|Any CPU
		{9EC2144C-3398-4590-89F8-B466412B22BB}.Release|iPhone.Build.0 = Release|Any CPU
		{9EC2144C-3398-4590-89F8-B466412B22BB}.Release|iPhone.Deploy.0 = Release|Any CPU
		{9EC2144C-3398-4590-89F8-B466412B22BB}.Release|iPhoneSimulator.ActiveCfg = Release|Any CPU
		{9EC2144C-3398-4590-89F8-B466412B22BB}.Release|iPhoneSimulator.Build.0 = Release|Any CPU
		{9EC2144C-3398-4590-89F8-B466412B22BB}.Release|iPhoneSimulator.Deploy.0 = Release|Any CPU
		{9EC2144C-3398-4590-89F8-B466412B22BB}.Release|x64.ActiveCfg = Release|Any CPU
		{9EC2144C-3398-4590-89F8-B466412B22BB}.Release|x64.Build.0 = Release|Any CPU
		{9EC2144C-3398-4590-89F8-B466412B22BB}.Release|x64.Deploy.0 = Release|Any CPU
		{9EC2144C-3398-4590-89F8-B466412B22BB}.Release|x86.ActiveCfg = Release|Any CPU
		{9EC2144C-3398-4590-89F8-B466412B22BB}.Release|x86.Build.0 = Release|Any CPU
		{9EC2144C-3398-4590-89F8-B466412B22BB}.Release|x86.Deploy.0 = Release|Any CPU
	EndGlobalSection
	GlobalSection(SolutionProperties) = preSolution
		HideSolutionNode = FALSE
	EndGlobalSection
	GlobalSection(ExtensibilityGlobals) = postSolution
		SolutionGuid = {2C394F26-6429-4F45-BAA1-03003D8390D6}
	EndGlobalSection
EndGlobal
